
Microsoft Visual Studio Solution File, Format Version 12.00
# Visual Studio Version 16
VisualStudioVersion = 16.0.33927.289
MinimumVisualStudioVersion = 10.0.40219.1
Project("{2150E333-8FDC-42A3-9474-1A3956D46DE8}") = "Task0", "Task0", "{E16EE800-7BC8-4BBD-9B4A-0AC4D3E16441}"
EndProject
Project("{FAE04EC0-301F-11D3-BF4B-00C04F79EFBC}") = "Tyuiu.KomarovMI.Sprint1.Task0.V7", "Tyuiu.KomarovMI.Sprint1.Task0.V7\Tyuiu.KomarovMI.Sprint1.Task0.V7.csproj", "{8FF2D38E-73FD-457F-A1CA-165FA9116205}"
EndProject
Project("{FAE04EC0-301F-11D3-BF4B-00C04F79EFBC}") = "Tyuiu.KomarovMI.Sprint1.Task0.V7.Lib", "Tyuiu.KomarovMI.Sprint1.Task0.V7.Lib\Tyuiu.KomarovMI.Sprint1.Task0.V7.Lib.csproj", "{FAD937BD-F171-4F30-A6DF-6B05377E8E61}"
EndProject
Project("{FAE04EC0-301F-11D3-BF4B-00C04F79EFBC}") = "Tyuiu.KomarovMI.Sprint1.Task0.V7.Test", "Tyuiu.KomarovMI.Sprint1.Task0.V7.Test\Tyuiu.KomarovMI.Sprint1.Task0.V7.Test.csproj", "{8CE5C02F-A761-4495-8FE9-2614975F3ED2}"
EndProject
Project("{2150E333-8FDC-42A3-9474-1A3956D46DE8}") = "Task1", "Task1", "{50AED63D-D431-4D6C-B802-BA7E51C614FE}"
EndProject
Project("{FAE04EC0-301F-11D3-BF4B-00C04F79EFBC}") = "Tyuiu.KomarovMI.Sprint1.Task1.V27", "Tyuiu.KomarovMI.Sprint1.Task1.V27\Tyuiu.KomarovMI.Sprint1.Task1.V27.csproj", "{F2A26E4F-7F20-47CD-B2DF-61E442B29DFC}"
EndProject
Project("{FAE04EC0-301F-11D3-BF4B-00C04F79EFBC}") = "Tyuiu.KomarovMI.Sprint1.Task1.V27.Lib", "Tyuiu.KomarovMI.Sprint1.Task1.V27.Lib\Tyuiu.KomarovMI.Sprint1.Task1.V27.Lib.csproj", "{BD641F51-F1E3-4BC9-95DB-F51E210C1752}"
EndProject
Project("{FAE04EC0-301F-11D3-BF4B-00C04F79EFBC}") = "Tyuiu.KomarovMI.Sprint1.Task1.V27.Test", "Tyuiu.KomarovMI.Sprint1.Task1.V27.Test\Tyuiu.KomarovMI.Sprint1.Task1.V27.Test.csproj", "{3780236C-A9CF-4D16-90A7-191840A5EF9F}"
EndProject
Project("{2150E333-8FDC-42A3-9474-1A3956D46DE8}") = "Task2", "Task2", "{A6CF2864-658D-4645-88C7-09DC442B3B35}"
EndProject
Project("{FAE04EC0-301F-11D3-BF4B-00C04F79EFBC}") = "Tyuiu.KomarovMI.Sprint1.Task2.V3", "Tyuiu.KomarovMI.Sprint1.Task2.V3\Tyuiu.KomarovMI.Sprint1.Task2.V3.csproj", "{9CD4DF9F-1082-4208-A145-06AEABDF87FF}"
EndProject
Project("{FAE04EC0-301F-11D3-BF4B-00C04F79EFBC}") = "Tyuiu.KomarovMI.Sprint1.Task2.V3.Lib", "Tyuiu.KomarovMI.Sprint1.Task2.V3.Lib\Tyuiu.KomarovMI.Sprint1.Task2.V3.Lib.csproj", "{2CA754DC-66A3-4FBD-96C0-76153AA0494E}"
EndProject
Project("{FAE04EC0-301F-11D3-BF4B-00C04F79EFBC}") = "Tyuiu.KomarovMI.Sprint1.Task2.V3.Test", "Tyuiu.KomarovMI.Sprint1.Task2.V3.Test\Tyuiu.KomarovMI.Sprint1.Task2.V3.Test.csproj", "{2D4B2470-37A4-40C6-AEAA-CE8650A6ED8E}"
EndProject
Project("{2150E333-8FDC-42A3-9474-1A3956D46DE8}") = "Task3", "Task3", "{90108556-FE02-45E4-9B6D-A3525D1DFE1A}"
EndProject
Project("{FAE04EC0-301F-11D3-BF4B-00C04F79EFBC}") = "Tyuiu.KomarovMI.Sprint1.Task3.V11", "Tyuiu.KomarovMI.Sprint1.Task3.V11\Tyuiu.KomarovMI.Sprint1.Task3.V11.csproj", "{5F515BFE-74F3-412D-AC54-A100D39E81C2}"
EndProject
Project("{FAE04EC0-301F-11D3-BF4B-00C04F79EFBC}") = "Tyuiu.KomarovMI.Sprint1.Task3.V11.Lib", "Tyuiu.KomarovMI.Sprint1.Task3.V11.Lib\Tyuiu.KomarovMI.Sprint1.Task3.V11.Lib.csproj", "{1DD09463-7CEF-44DA-A5C3-4DEA47454386}"
EndProject
Project("{FAE04EC0-301F-11D3-BF4B-00C04F79EFBC}") = "Tyuiu.KomarovMI.Sprint1.Task3.V11.Test", "Tyuiu.KomarovMI.Sprint1.Task3.V11.Test\Tyuiu.KomarovMI.Sprint1.Task3.V11.Test.csproj", "{AE28F55C-0969-4BB1-8C96-3A84E084AC00}"
EndProject
Global
	GlobalSection(SolutionConfigurationPlatforms) = preSolution
		Debug|Any CPU = Debug|Any CPU
		Release|Any CPU = Release|Any CPU
	EndGlobalSection
	GlobalSection(ProjectConfigurationPlatforms) = postSolution
		{8FF2D38E-73FD-457F-A1CA-165FA9116205}.Debug|Any CPU.ActiveCfg = Debug|Any CPU
		{8FF2D38E-73FD-457F-A1CA-165FA9116205}.Debug|Any CPU.Build.0 = Debug|Any CPU
		{8FF2D38E-73FD-457F-A1CA-165FA9116205}.Release|Any CPU.ActiveCfg = Release|Any CPU
		{8FF2D38E-73FD-457F-A1CA-165FA9116205}.Release|Any CPU.Build.0 = Release|Any CPU
		{FAD937BD-F171-4F30-A6DF-6B05377E8E61}.Debug|Any CPU.ActiveCfg = Debug|Any CPU
		{FAD937BD-F171-4F30-A6DF-6B05377E8E61}.Debug|Any CPU.Build.0 = Debug|Any CPU
		{FAD937BD-F171-4F30-A6DF-6B05377E8E61}.Release|Any CPU.ActiveCfg = Release|Any CPU
		{FAD937BD-F171-4F30-A6DF-6B05377E8E61}.Release|Any CPU.Build.0 = Release|Any CPU
		{8CE5C02F-A761-4495-8FE9-2614975F3ED2}.Debug|Any CPU.ActiveCfg = Debug|Any CPU
		{8CE5C02F-A761-4495-8FE9-2614975F3ED2}.Debug|Any CPU.Build.0 = Debug|Any CPU
		{8CE5C02F-A761-4495-8FE9-2614975F3ED2}.Release|Any CPU.ActiveCfg = Release|Any CPU
		{8CE5C02F-A761-4495-8FE9-2614975F3ED2}.Release|Any CPU.Build.0 = Release|Any CPU
		{F2A26E4F-7F20-47CD-B2DF-61E442B29DFC}.Debug|Any CPU.ActiveCfg = Debug|Any CPU
		{F2A26E4F-7F20-47CD-B2DF-61E442B29DFC}.Debug|Any CPU.Build.0 = Debug|Any CPU
		{F2A26E4F-7F20-47CD-B2DF-61E442B29DFC}.Release|Any CPU.ActiveCfg = Release|Any CPU
		{F2A26E4F-7F20-47CD-B2DF-61E442B29DFC}.Release|Any CPU.Build.0 = Release|Any CPU
		{BD641F51-F1E3-4BC9-95DB-F51E210C1752}.Debug|Any CPU.ActiveCfg = Debug|Any CPU
		{BD641F51-F1E3-4BC9-95DB-F51E210C1752}.Debug|Any CPU.Build.0 = Debug|Any CPU
		{BD641F51-F1E3-4BC9-95DB-F51E210C1752}.Release|Any CPU.ActiveCfg = Release|Any CPU
		{BD641F51-F1E3-4BC9-95DB-F51E210C1752}.Release|Any CPU.Build.0 = Release|Any CPU
		{3780236C-A9CF-4D16-90A7-191840A5EF9F}.Debug|Any CPU.ActiveCfg = Debug|Any CPU
		{3780236C-A9CF-4D16-90A7-191840A5EF9F}.Debug|Any CPU.Build.0 = Debug|Any CPU
		{3780236C-A9CF-4D16-90A7-191840A5EF9F}.Release|Any CPU.ActiveCfg = Release|Any CPU
		{3780236C-A9CF-4D16-90A7-191840A5EF9F}.Release|Any CPU.Build.0 = Release|Any CPU
		{9CD4DF9F-1082-4208-A145-06AEABDF87FF}.Debug|Any CPU.ActiveCfg = Debug|Any CPU
		{9CD4DF9F-1082-4208-A145-06AEABDF87FF}.Debug|Any CPU.Build.0 = Debug|Any CPU
		{9CD4DF9F-1082-4208-A145-06AEABDF87FF}.Release|Any CPU.ActiveCfg = Release|Any CPU
		{9CD4DF9F-1082-4208-A145-06AEABDF87FF}.Release|Any CPU.Build.0 = Release|Any CPU
		{2CA754DC-66A3-4FBD-96C0-76153AA0494E}.Debug|Any CPU.ActiveCfg = Debug|Any CPU
		{2CA754DC-66A3-4FBD-96C0-76153AA0494E}.Debug|Any CPU.Build.0 = Debug|Any CPU
		{2CA754DC-66A3-4FBD-96C0-76153AA0494E}.Release|Any CPU.ActiveCfg = Release|Any CPU
		{2CA754DC-66A3-4FBD-96C0-76153AA0494E}.Release|Any CPU.Build.0 = Release|Any CPU
		{2D4B2470-37A4-40C6-AEAA-CE8650A6ED8E}.Debug|Any CPU.ActiveCfg = Debug|Any CPU
		{2D4B2470-37A4-40C6-AEAA-CE8650A6ED8E}.Debug|Any CPU.Build.0 = Debug|Any CPU
		{2D4B2470-37A4-40C6-AEAA-CE8650A6ED8E}.Release|Any CPU.ActiveCfg = Release|Any CPU
		{2D4B2470-37A4-40C6-AEAA-CE8650A6ED8E}.Release|Any CPU.Build.0 = Release|Any CPU
		{5F515BFE-74F3-412D-AC54-A100D39E81C2}.Debug|Any CPU.ActiveCfg = Debug|Any CPU
		{5F515BFE-74F3-412D-AC54-A100D39E81C2}.Debug|Any CPU.Build.0 = Debug|Any CPU
		{5F515BFE-74F3-412D-AC54-A100D39E81C2}.Release|Any CPU.ActiveCfg = Release|Any CPU
		{5F515BFE-74F3-412D-AC54-A100D39E81C2}.Release|Any CPU.Build.0 = Release|Any CPU
		{1DD09463-7CEF-44DA-A5C3-4DEA47454386}.Debug|Any CPU.ActiveCfg = Debug|Any CPU
		{1DD09463-7CEF-44DA-A5C3-4DEA47454386}.Debug|Any CPU.Build.0 = Debug|Any CPU
		{1DD09463-7CEF-44DA-A5C3-4DEA47454386}.Release|Any CPU.ActiveCfg = Release|Any CPU
		{1DD09463-7CEF-44DA-A5C3-4DEA47454386}.Release|Any CPU.Build.0 = Release|Any CPU
		{AE28F55C-0969-4BB1-8C96-3A84E084AC00}.Debug|Any CPU.ActiveCfg = Debug|Any CPU
		{AE28F55C-0969-4BB1-8C96-3A84E084AC00}.Debug|Any CPU.Build.0 = Debug|Any CPU
		{AE28F55C-0969-4BB1-8C96-3A84E084AC00}.Release|Any CPU.ActiveCfg = Release|Any CPU
		{AE28F55C-0969-4BB1-8C96-3A84E084AC00}.Release|Any CPU.Build.0 = Release|Any CPU
	EndGlobalSection
	GlobalSection(SolutionProperties) = preSolution
		HideSolutionNode = FALSE
	EndGlobalSection
	GlobalSection(NestedProjects) = preSolution
		{8FF2D38E-73FD-457F-A1CA-165FA9116205} = {E16EE800-7BC8-4BBD-9B4A-0AC4D3E16441}
		{FAD937BD-F171-4F30-A6DF-6B05377E8E61} = {E16EE800-7BC8-4BBD-9B4A-0AC4D3E16441}
		{8CE5C02F-A761-4495-8FE9-2614975F3ED2} = {E16EE800-7BC8-4BBD-9B4A-0AC4D3E16441}
		{F2A26E4F-7F20-47CD-B2DF-61E442B29DFC} = {50AED63D-D431-4D6C-B802-BA7E51C614FE}
		{BD641F51-F1E3-4BC9-95DB-F51E210C1752} = {50AED63D-D431-4D6C-B802-BA7E51C614FE}
		{3780236C-A9CF-4D16-90A7-191840A5EF9F} = {50AED63D-D431-4D6C-B802-BA7E51C614FE}
		{9CD4DF9F-1082-4208-A145-06AEABDF87FF} = {A6CF2864-658D-4645-88C7-09DC442B3B35}
		{2CA754DC-66A3-4FBD-96C0-76153AA0494E} = {A6CF2864-658D-4645-88C7-09DC442B3B35}
		{2D4B2470-37A4-40C6-AEAA-CE8650A6ED8E} = {A6CF2864-658D-4645-88C7-09DC442B3B35}
		{5F515BFE-74F3-412D-AC54-A100D39E81C2} = {90108556-FE02-45E4-9B6D-A3525D1DFE1A}
		{1DD09463-7CEF-44DA-A5C3-4DEA47454386} = {90108556-FE02-45E4-9B6D-A3525D1DFE1A}
		{AE28F55C-0969-4BB1-8C96-3A84E084AC00} = {90108556-FE02-45E4-9B6D-A3525D1DFE1A}
	EndGlobalSection
	GlobalSection(ExtensibilityGlobals) = postSolution
		SolutionGuid = {AC249A31-B285-42AE-9818-D81FF33754D1}
	EndGlobalSection
EndGlobal
